// !$*UTF8*$!
{
	archiveVersion = 1;
	classes = {
	};
	objectVersion = 55;
	objects = {

/* Begin PBXBuildFile section */
		3A64DE7D2857CBF90045A02D /* ConcursoApp.swift in Sources */ = {isa = PBXBuildFile; fileRef = 3A64DE7C2857CBF90045A02D /* ConcursoApp.swift */; };
		3A64DE7F2857CBF90045A02D /* ContentView.swift in Sources */ = {isa = PBXBuildFile; fileRef = 3A64DE7E2857CBF90045A02D /* ContentView.swift */; };
		3A64DE812857CBFC0045A02D /* Assets.xcassets in Resources */ = {isa = PBXBuildFile; fileRef = 3A64DE802857CBFC0045A02D /* Assets.xcassets */; };
		3A64DE842857CBFC0045A02D /* Preview Assets.xcassets in Resources */ = {isa = PBXBuildFile; fileRef = 3A64DE832857CBFC0045A02D /* Preview Assets.xcassets */; };
		3A64DE8E2857CCDD0045A02D /* Pessoa.swift in Sources */ = {isa = PBXBuildFile; fileRef = 3A64DE8D2857CCDD0045A02D /* Pessoa.swift */; };
		3A64DE902857CD2B0045A02D /* ConcursoViewModel.swift in Sources */ = {isa = PBXBuildFile; fileRef = 3A64DE8F2857CD2B0045A02D /* ConcursoViewModel.swift */; };
		3A64DE922857D02B0045A02D /* FormView.swift in Sources */ = {isa = PBXBuildFile; fileRef = 3A64DE912857D02B0045A02D /* FormView.swift */; };
/* End PBXBuildFile section */

/* Begin PBXFileReference section */
		3A64DE792857CBF90045A02D /* Concurso.app */ = {isa = PBXFileReference; explicitFileType = wrapper.application; includeInIndex = 0; path = Concurso.app; sourceTree = BUILT_PRODUCTS_DIR; };
		3A64DE7C2857CBF90045A02D /* ConcursoApp.swift */ = {isa = PBXFileReference; lastKnownFileType = sourcecode.swift; path = ConcursoApp.swift; sourceTree = "<group>"; };
		3A64DE7E2857CBF90045A02D /* ContentView.swift */ = {isa = PBXFileReference; lastKnownFileType = sourcecode.swift; path = ContentView.swift; sourceTree = "<group>"; };
		3A64DE802857CBFC0045A02D /* Assets.xcassets */ = {isa = PBXFileReference; lastKnownFileType = folder.assetcatalog; path = Assets.xcassets; sourceTree = "<group>"; };
		3A64DE832857CBFC0045A02D /* Preview Assets.xcassets */ = {isa = PBXFileReference; lastKnownFileType = folder.assetcatalog; path = "Preview Assets.xcassets"; sourceTree = "<group>"; };
		3A64DE8D2857CCDD0045A02D /* Pessoa.swift */ = {isa = PBXFileReference; lastKnownFileType = sourcecode.swift; path = Pessoa.swift; sourceTree = "<group>"; };
		3A64DE8F2857CD2B0045A02D /* ConcursoViewModel.swift */ = {isa = PBXFileReference; lastKnownFileType = sourcecode.swift; path = ConcursoViewModel.swift; sourceTree = "<group>"; };
		3A64DE912857D02B0045A02D /* FormView.swift */ = {isa = PBXFileReference; lastKnownFileType = sourcecode.swift; path = FormView.swift; sourceTree = "<group>"; };
/* End PBXFileReference section */

/* Begin PBXFrameworksBuildPhase section */
		3A64DE762857CBF90045A02D /* Frameworks */ = {
			isa = PBXFrameworksBuildPhase;
			buildActionMask = 2147483647;
			files = (
			);
			runOnlyForDeploymentPostprocessing = 0;
		};
/* End PBXFrameworksBuildPhase section */

/* Begin PBXGroup section */
		3A64DE702857CBF90045A02D = {
			isa = PBXGroup;
			children = (
				3A64DE7B2857CBF90045A02D /* Concurso */,
				3A64DE7A2857CBF90045A02D /* Products */,
			);
			sourceTree = "<group>";
		};
		3A64DE7A2857CBF90045A02D /* Products */ = {
			isa = PBXGroup;
			children = (
				3A64DE792857CBF90045A02D /* Concurso.app */,
			);
			name = Products;
			sourceTree = "<group>";
		};
		3A64DE7B2857CBF90045A02D /* Concurso */ = {
			isa = PBXGroup;
			children = (
				3A64DE7C2857CBF90045A02D /* ConcursoApp.swift */,
				3A64DE8A2857CC7F0045A02D /* model */,
				3A64DE8B2857CC960045A02D /* view */,
				3A64DE8C2857CC9A0045A02D /* viewmodel */,
				3A64DE802857CBFC0045A02D /* Assets.xcassets */,
				3A64DE822857CBFC0045A02D /* Preview Content */,
			);
			path = Concurso;
			sourceTree = "<group>";
		};
		3A64DE822857CBFC0045A02D /* Preview Content */ = {
			isa = PBXGroup;
			children = (
				3A64DE832857CBFC0045A02D /* Preview Assets.xcassets */,
			);
			path = "Preview Content";
			sourceTree = "<group>";
		};
		3A64DE8A2857CC7F0045A02D /* model */ = {
			isa = PBXGroup;
			children = (
				3A64DE8D2857CCDD0045A02D /* Pessoa.swift */,
			);
			path = model;
			sourceTree = "<group>";
		};
		3A64DE8B2857CC960045A02D /* view */ = {
			isa = PBXGroup;
			children = (
				3A64DE7E2857CBF90045A02D /* ContentView.swift */,
				3A64DE8F2857CD2B0045A02D /* ConcursoViewModel.swift */,
				3A64DE912857D02B0045A02D /* FormView.swift */,
			);
			path = view;
			sourceTree = "<group>";
		};
		3A64DE8C2857CC9A0045A02D /* viewmodel */ = {
			isa = PBXGroup;
			children = (
			);
			path = viewmodel;
			sourceTree = "<group>";
		};
/* End PBXGroup section */

/* Begin PBXNativeTarget section */
		3A64DE782857CBF90045A02D /* Concurso */ = {
			isa = PBXNativeTarget;
			buildConfigurationList = 3A64DE872857CBFC0045A02D /* Build configuration list for PBXNativeTarget "Concurso" */;
			buildPhases = (
				3A64DE752857CBF90045A02D /* Sources */,
				3A64DE762857CBF90045A02D /* Frameworks */,
				3A64DE772857CBF90045A02D /* Resources */,
			);
			buildRules = (
			);
			dependencies = (
			);
			name = Concurso;
			productName = Concurso;
			productReference = 3A64DE792857CBF90045A02D /* Concurso.app */;
			productType = "com.apple.product-type.application";
		};
/* End PBXNativeTarget section */

/* Begin PBXProject section */
		3A64DE712857CBF90045A02D /* Project object */ = {
			isa = PBXProject;
			attributes = {
				BuildIndependentTargetsInParallel = 1;
				LastSwiftUpdateCheck = 1340;
				LastUpgradeCheck = 1340;
				TargetAttributes = {
					3A64DE782857CBF90045A02D = {
						CreatedOnToolsVersion = 13.4;
					};
				};
			};
			buildConfigurationList = 3A64DE742857CBF90045A02D /* Build configuration list for PBXProject "Concurso" */;
			compatibilityVersion = "Xcode 13.0";
			developmentRegion = en;
			hasScannedForEncodings = 0;
			knownRegions = (
				en,
				Base,
			);
			mainGroup = 3A64DE702857CBF90045A02D;
			productRefGroup = 3A64DE7A2857CBF90045A02D /* Products */;
			projectDirPath = "";
			projectRoot = "";
			targets = (
				3A64DE782857CBF90045A02D /* Concurso */,
			);
		};
/* End PBXProject section */

/* Begin PBXResourcesBuildPhase section */
		3A64DE772857CBF90045A02D /* Resources */ = {
			isa = PBXResourcesBuildPhase;
			buildActionMask = 2147483647;
			files = (
				3A64DE842857CBFC0045A02D /* Preview Assets.xcassets in Resources */,
				3A64DE812857CBFC0045A02D /* Assets.xcassets in Resources */,
			);
			runOnlyForDeploymentPostprocessing = 0;
		};
/* End PBXResourcesBuildPhase section */

/* Begin PBXSourcesBuildPhase section */
		3A64DE752857CBF90045A02D /* Sources */ = {
			isa = PBXSourcesBuildPhase;
			buildActionMask = 2147483647;
			files = (
				3A64DE7F2857CBF90045A02D /* ContentView.swift in Sources */,
				3A64DE8E2857CCDD0045A02D /* Pessoa.swift in Sources */,
				3A64DE922857D02B0045A02D /* FormView.swift in Sources */,
				3A64DE902857CD2B0045A02D /* ConcursoViewModel.swift in Sources */,
				3A64DE7D2857CBF90045A02D /* ConcursoApp.swift in Sources */,
			);
			runOnlyForDeploymentPostprocessing = 0;
		};
/* End PBXSourcesBuildPhase section */

/* Begin XCBuildConfiguration section */
		3A64DE852857CBFC0045A02D /* Debug */ = {
			isa = XCBuildConfiguration;
			buildSettings = {
				ALWAYS_SEARCH_USER_PATHS = NO;
				CLANG_ANALYZER_NONNULL = YES;
				CLANG_ANALYZER_NUMBER_OBJECT_CONVERSION = YES_AGGRESSIVE;
				CLANG_CXX_LANGUAGE_STANDARD = "gnu++17";
				CLANG_ENABLE_MODULES = YES;
				CLANG_ENABLE_OBJC_ARC = YES;
				CLANG_ENABLE_OBJC_WEAK = YES;
				CLANG_WARN_BLOCK_CAPTURE_AUTORELEASING = YES;
				CLANG_WARN_BOOL_CONVERSION = YES;
				CLANG_WARN_COMMA = YES;
				CLANG_WARN_CONSTANT_CONVERSION = YES;
				CLANG_WARN_DEPRECATED_OBJC_IMPLEMENTATIONS = YES;
				CLANG_WARN_DIRECT_OBJC_ISA_USAGE = YES_ERROR;
				CLANG_WARN_DOCUMENTATION_COMMENTS = YES;
				CLANG_WARN_EMPTY_BODY = YES;
				CLANG_WARN_ENUM_CONVERSION = YES;
				CLANG_WARN_INFINITE_RECURSION = YES;
				CLANG_WARN_INT_CONVERSION = YES;
				CLANG_WARN_NON_LITERAL_NULL_CONVERSION = YES;
				CLANG_WARN_OBJC_IMPLICIT_RETAIN_SELF = YES;
				CLANG_WARN_OBJC_LITERAL_CONVERSION = YES;
				CLANG_WARN_OBJC_ROOT_CLASS = YES_ERROR;
				CLANG_WARN_QUOTED_INCLUDE_IN_FRAMEWORK_HEADER = YES;
				CLANG_WARN_RANGE_LOOP_ANALYSIS = YES;
				CLANG_WARN_STRICT_PROTOTYPES = YES;
				CLANG_WARN_SUSPICIOUS_MOVE = YES;
				CLANG_WARN_UNGUARDED_AVAILABILITY = YES_AGGRESSIVE;
				CLANG_WARN_UNREACHABLE_CODE = YES;
				CLANG_WARN__DUPLICATE_METHOD_MATCH = YES;
				COPY_PHASE_STRIP = NO;
				DEBUG_INFORMATION_FORMAT = dwarf;
				ENABLE_STRICT_OBJC_MSGSEND = YES;
				ENABLE_TESTABILITY = YES;
				GCC_C_LANGUAGE_STANDARD = gnu11;
				GCC_DYNAMIC_NO_PIC = NO;
				GCC_NO_COMMON_BLOCKS = YES;
				GCC_OPTIMIZATION_LEVEL = 0;
				GCC_PREPROCESSOR_DEFINITIONS = (
					"DEBUG=1",
					"$(inherited)",
				);
				GCC_WARN_64_TO_32_BIT_CONVERSION = YES;
				GCC_WARN_ABOUT_RETURN_TYPE = YES_ERROR;
				GCC_WARN_UNDECLARED_SELECTOR = YES;
				GCC_WARN_UNINITIALIZED_AUTOS = YES_AGGRESSIVE;
				GCC_WARN_UNUSED_FUNCTION = YES;
				GCC_WARN_UNUSED_VARIABLE = YES;
				IPHONEOS_DEPLOYMENT_TARGET = 15.5;
				MTL_ENABLE_DEBUG_INFO = INCLUDE_SOURCE;
				MTL_FAST_MATH = YES;
				ONLY_ACTIVE_ARCH = YES;
				SDKROOT = iphoneos;
				SWIFT_ACTIVE_COMPILATION_CONDITIONS = DEBUG;
				SWIFT_OPTIMIZATION_LEVEL = "-Onone";
			};
			name = Debug;
		};
		3A64DE862857CBFC0045A02D /* Release */ = {
			isa = XCBuildConfiguration;
			buildSettings = {
				ALWAYS_SEARCH_USER_PATHS = NO;
				CLANG_ANALYZER_NONNULL = YES;
				CLANG_ANALYZER_NUMBER_OBJECT_CONVERSION = YES_AGGRESSIVE;
				CLANG_CXX_LANGUAGE_STANDARD = "gnu++17";
				CLANG_ENABLE_MODULES = YES;
				CLANG_ENABLE_OBJC_ARC = YES;
				CLANG_ENABLE_OBJC_WEAK = YES;
				CLANG_WARN_BLOCK_CAPTURE_AUTORELEASING = YES;
				CLANG_WARN_BOOL_CONVERSION = YES;
				CLANG_WARN_COMMA = YES;
				CLANG_WARN_CONSTANT_CONVERSION = YES;
				CLANG_WARN_DEPRECATED_OBJC_IMPLEMENTATIONS = YES;
				CLANG_WARN_DIRECT_OBJC_ISA_USAGE = YES_ERROR;
				CLANG_WARN_DOCUMENTATION_COMMENTS = YES;
				CLANG_WARN_EMPTY_BODY = YES;
				CLANG_WARN_ENUM_CONVERSION = YES;
				CLANG_WARN_INFINITE_RECURSION = YES;
				CLANG_WARN_INT_CONVERSION = YES;
				CLANG_WARN_NON_LITERAL_NULL_CONVERSION = YES;
				CLANG_WARN_OBJC_IMPLICIT_RETAIN_SELF = YES;
				CLANG_WARN_OBJC_LITERAL_CONVERSION = YES;
				CLANG_WARN_OBJC_ROOT_CLASS = YES_ERROR;
				CLANG_WARN_QUOTED_INCLUDE_IN_FRAMEWORK_HEADER = YES;
				CLANG_WARN_RANGE_LOOP_ANALYSIS = YES;
				CLANG_WARN_STRICT_PROTOTYPES = YES;
				CLANG_WARN_SUSPICIOUS_MOVE = YES;
				CLANG_WARN_UNGUARDED_AVAILABILITY = YES_AGGRESSIVE;
				CLANG_WARN_UNREACHABLE_CODE = YES;
				CLANG_WARN__DUPLICATE_METHOD_MATCH = YES;
				COPY_PHASE_STRIP = NO;
				DEBUG_INFORMATION_FORMAT = "dwarf-with-dsym";
				ENABLE_NS_ASSERTIONS = NO;
				ENABLE_STRICT_OBJC_MSGSEND = YES;
				GCC_C_LANGUAGE_STANDARD = gnu11;
				GCC_NO_COMMON_BLOCKS = YES;
				GCC_WARN_64_TO_32_BIT_CONVERSION = YES;
				GCC_WARN_ABOUT_RETURN_TYPE = YES_ERROR;
				GCC_WARN_UNDECLARED_SELECTOR = YES;
				GCC_WARN_UNINITIALIZED_AUTOS = YES_AGGRESSIVE;
				GCC_WARN_UNUSED_FUNCTION = YES;
				GCC_WARN_UNUSED_VARIABLE = YES;
				IPHONEOS_DEPLOYMENT_TARGET = 15.5;
				MTL_ENABLE_DEBUG_INFO = NO;
				MTL_FAST_MATH = YES;
				SDKROOT = iphoneos;
				SWIFT_COMPILATION_MODE = wholemodule;
				SWIFT_OPTIMIZATION_LEVEL = "-O";
				VALIDATE_PRODUCT = YES;
			};
			name = Release;
		};
		3A64DE882857CBFC0045A02D /* Debug */ = {
			isa = XCBuildConfiguration;
			buildSettings = {
				ASSETCATALOG_COMPILER_APPICON_NAME = AppIcon;
				ASSETCATALOG_COMPILER_GLOBAL_ACCENT_COLOR_NAME = AccentColor;
				CODE_SIGN_STYLE = Automatic;
				CURRENT_PROJECT_VERSION = 1;
				DEVELOPMENT_ASSET_PATHS = "\"Concurso/Preview Content\"";
				ENABLE_PREVIEWS = YES;
				GENERATE_INFOPLIST_FILE = YES;
				INFOPLIST_KEY_UIApplicationSceneManifest_Generation = YES;
				INFOPLIST_KEY_UIApplicationSupportsIndirectInputEvents = YES;
				INFOPLIST_KEY_UILaunchScreen_Generation = YES;
				INFOPLIST_KEY_UISupportedInterfaceOrientations_iPad = "UIInterfaceOrientationPortrait UIInterfaceOrientationPortraitUpsideDown UIInterfaceOrientationLandscapeLeft UIInterfaceOrientationLandscapeRight";
				INFOPLIST_KEY_UISupportedInterfaceOrientations_iPhone = "UIInterfaceOrientationPortrait UIInterfaceOrientationLandscapeLeft UIInterfaceOrientationLandscapeRight";
				LD_RUNPATH_SEARCH_PATHS = (
					"$(inherited)",
					"@executable_path/Frameworks",
				);
				MARKETING_VERSION = 1.0;
				PRODUCT_BUNDLE_IDENTIFIER = br.edu.ifpb.jpa.si.pdm.Concurso;
				PRODUCT_NAME = "$(TARGET_NAME)";
				SWIFT_EMIT_LOC_STRINGS = YES;
				SWIFT_VERSION = 5.0;
				TARGETED_DEVICE_FAMILY = "1,2";
			};
			name = Debug;
		};
		3A64DE892857CBFC0045A02D /* Release */ = {
			isa = XCBuildConfiguration;
			buildSettings = {
				ASSETCATALOG_COMPILER_APPICON_NAME = AppIcon;
				ASSETCATALOG_COMPILER_GLOBAL_ACCENT_COLOR_NAME = AccentColor;
				CODE_SIGN_STYLE = Automatic;
				CURRENT_PROJECT_VERSION = 1;
				DEVELOPMENT_ASSET_PATHS = "\"Concurso/Preview Content\"";
				ENABLE_PREVIEWS = YES;
				GENERATE_INFOPLIST_FILE = YES;
				INFOPLIST_KEY_UIApplicationSceneManifest_Generation = YES;
				INFOPLIST_KEY_UIApplicationSupportsIndirectInputEvents = YES;
				INFOPLIST_KEY_UILaunchScreen_Generation = YES;
				INFOPLIST_KEY_UISupportedInterfaceOrientations_iPad = "UIInterfaceOrientationPortrait UIInterfaceOrientationPortraitUpsideDown UIInterfaceOrientationLandscapeLeft UIInterfaceOrientationLandscapeRight";
				INFOPLIST_KEY_UISupportedInterfaceOrientations_iPhone = "UIInterfaceOrientationPortrait UIInterfaceOrientationLandscapeLeft UIInterfaceOrientationLandscapeRight";
				LD_RUNPATH_SEARCH_PATHS = (
					"$(inherited)",
					"@executable_path/Frameworks",
				);
				MARKETING_VERSION = 1.0;
				PRODUCT_BUNDLE_IDENTIFIER = br.edu.ifpb.jpa.si.pdm.Concurso;
				PRODUCT_NAME = "$(TARGET_NAME)";
				SWIFT_EMIT_LOC_STRINGS = YES;
				SWIFT_VERSION = 5.0;
				TARGETED_DEVICE_FAMILY = "1,2";
			};
			name = Release;
		};
/* End XCBuildConfiguration section */

/* Begin XCConfigurationList section */
		3A64DE742857CBF90045A02D /* Build configuration list for PBXProject "Concurso" */ = {
			isa = XCConfigurationList;
			buildConfigurations = (
				3A64DE852857CBFC0045A02D /* Debug */,
				3A64DE862857CBFC0045A02D /* Release */,
			);
			defaultConfigurationIsVisible = 0;
			defaultConfigurationName = Release;
		};
		3A64DE872857CBFC0045A02D /* Build configuration list for PBXNativeTarget "Concurso" */ = {
			isa = XCConfigurationList;
			buildConfigurations = (
				3A64DE882857CBFC0045A02D /* Debug */,
				3A64DE892857CBFC0045A02D /* Release */,
			);
			defaultConfigurationIsVisible = 0;
			defaultConfigurationName = Release;
		};
/* End XCConfigurationList section */
	};
	rootObject = 3A64DE712857CBF90045A02D /* Project object */;
}
